
Microsoft Visual Studio Solution File, Format Version 12.00
# Visual Studio 15
VisualStudioVersion = 15.0.27428.2015
MinimumVisualStudioVersion = 10.0.40219.1
Project("{FAE04EC0-301F-11D3-BF4B-00C04F79EFBC}") = "SuicaApp", "SuicaApp\SuicaApp.csproj", "{BF845380-9EFE-4FD2-8826-D7BE493F8D85}"
EndProject
Global
	GlobalSection(SolutionConfigurationPlatforms) = preSolution
		Debug|Any CPU = Debug|Any CPU
		Release|Any CPU = Release|Any CPU
	EndGlobalSection
	GlobalSection(ProjectConfigurationPlatforms) = postSolution
		{BF845380-9EFE-4FD2-8826-D7BE493F8D85}.Debug|Any CPU.ActiveCfg = Debug|Any CPU
		{BF845380-9EFE-4FD2-8826-D7BE493F8D85}.Debug|Any CPU.Build.0 = Debug|Any CPU
		{BF845380-9EFE-4FD2-8826-D7BE493F8D85}.Release|Any CPU.ActiveCfg = Release|Any CPU
		{BF845380-9EFE-4FD2-8826-D7BE493F8D85}.Release|Any CPU.Build.0 = Release|Any CPU
	EndGlobalSection
	GlobalSection(SolutionProperties) = preSolution
		HideSolutionNode = FALSE
	EndGlobalSection
	GlobalSection(ExtensibilityGlobals) = postSolution
		SolutionGuid = {F9C37F8C-A037-433C-824D-2BEA7FFD9840}
	EndGlobalSection
EndGlobal
